// !$*UTF8*$!
{
	archiveVersion = 1;
	classes = {
	};
	objectVersion = 56;
	objects = {

/* Begin PBXBuildFile section */
		412FA8DD2C873D4400C2BFA6 /* AppDelegate.swift in Sources */ = {isa = PBXBuildFile; fileRef = 412FA8DC2C873D4400C2BFA6 /* AppDelegate.swift */; };
		412FA8E62C873D4600C2BFA6 /* Assets.xcassets in Resources */ = {isa = PBXBuildFile; fileRef = 412FA8E52C873D4600C2BFA6 /* Assets.xcassets */; };
		412FA8E92C873D4600C2BFA6 /* Base in Resources */ = {isa = PBXBuildFile; fileRef = 412FA8E82C873D4600C2BFA6 /* Base */; };
		412FA90C2C8C7DD800C2BFA6 /* MainViewController.swift in Sources */ = {isa = PBXBuildFile; fileRef = 412FA90B2C8C7DD800C2BFA6 /* MainViewController.swift */; };
		412FA90E2C8C7DFB00C2BFA6 /* MiniAppCell.swift in Sources */ = {isa = PBXBuildFile; fileRef = 412FA90D2C8C7DFB00C2BFA6 /* MiniAppCell.swift */; };
		41AEFE9A2C8DBAC1001FF32F /* CrosswordApp in Frameworks */ = {isa = PBXBuildFile; productRef = 41AEFE992C8DBAC1001FF32F /* CrosswordApp */; };
		41C2576F2C8CB01A0055566E /* TicTacToeApp in Frameworks */ = {isa = PBXBuildFile; productRef = 41C2576E2C8CB01A0055566E /* TicTacToeApp */; };
		41C257762C8CC7CF0055566E /* CurrentCityApp in Frameworks */ = {isa = PBXBuildFile; productRef = 41C257752C8CC7CF0055566E /* CurrentCityApp */; };
		41C2577C2C8CD02C0055566E /* CurrentWeatherApp in Frameworks */ = {isa = PBXBuildFile; productRef = 41C2577B2C8CD02C0055566E /* CurrentWeatherApp */; };
		41C257822C8CE3280055566E /* StepCounterApp in Frameworks */ = {isa = PBXBuildFile; productRef = 41C257812C8CE3280055566E /* StepCounterApp */; };
		41C257842C8CE3A10055566E /* MiniAppManager.swift in Sources */ = {isa = PBXBuildFile; fileRef = 41C257832C8CE3A10055566E /* MiniAppManager.swift */; };
/* End PBXBuildFile section */

/* Begin PBXFileReference section */
		412FA8D92C873D4400C2BFA6 /* AppGallery.app */ = {isa = PBXFileReference; explicitFileType = wrapper.application; includeInIndex = 0; path = AppGallery.app; sourceTree = BUILT_PRODUCTS_DIR; };
		412FA8DC2C873D4400C2BFA6 /* AppDelegate.swift */ = {isa = PBXFileReference; lastKnownFileType = sourcecode.swift; path = AppDelegate.swift; sourceTree = "<group>"; };
		412FA8E52C873D4600C2BFA6 /* Assets.xcassets */ = {isa = PBXFileReference; lastKnownFileType = folder.assetcatalog; path = Assets.xcassets; sourceTree = "<group>"; };
		412FA8E82C873D4600C2BFA6 /* Base */ = {isa = PBXFileReference; lastKnownFileType = file.storyboard; name = Base; path = Base.lproj/LaunchScreen.storyboard; sourceTree = "<group>"; };
		412FA8EA2C873D4600C2BFA6 /* Info.plist */ = {isa = PBXFileReference; lastKnownFileType = text.plist.xml; path = Info.plist; sourceTree = "<group>"; };
		412FA90B2C8C7DD800C2BFA6 /* MainViewController.swift */ = {isa = PBXFileReference; lastKnownFileType = sourcecode.swift; path = MainViewController.swift; sourceTree = "<group>"; };
		412FA90D2C8C7DFB00C2BFA6 /* MiniAppCell.swift */ = {isa = PBXFileReference; lastKnownFileType = sourcecode.swift; path = MiniAppCell.swift; sourceTree = "<group>"; };
		41C2577F2C8CDD0D0055566E /* AppGallery.entitlements */ = {isa = PBXFileReference; lastKnownFileType = text.plist.entitlements; path = AppGallery.entitlements; sourceTree = "<group>"; };
		41C257832C8CE3A10055566E /* MiniAppManager.swift */ = {isa = PBXFileReference; lastKnownFileType = sourcecode.swift; path = MiniAppManager.swift; sourceTree = "<group>"; };
/* End PBXFileReference section */

/* Begin PBXFrameworksBuildPhase section */
		412FA8D62C873D4400C2BFA6 /* Frameworks */ = {
			isa = PBXFrameworksBuildPhase;
			buildActionMask = 2147483647;
			files = (
				41C2576F2C8CB01A0055566E /* TicTacToeApp in Frameworks */,
				41C2577C2C8CD02C0055566E /* CurrentWeatherApp in Frameworks */,
				41C257762C8CC7CF0055566E /* CurrentCityApp in Frameworks */,
				41AEFE9A2C8DBAC1001FF32F /* CrosswordApp in Frameworks */,
				41C257822C8CE3280055566E /* StepCounterApp in Frameworks */,
			);
			runOnlyForDeploymentPostprocessing = 0;
		};
/* End PBXFrameworksBuildPhase section */

/* Begin PBXGroup section */
		412FA8D02C873D4400C2BFA6 = {
			isa = PBXGroup;
			children = (
				412FA8DB2C873D4400C2BFA6 /* AppGallery */,
				412FA8DA2C873D4400C2BFA6 /* Products */,
			);
			sourceTree = "<group>";
		};
		412FA8DA2C873D4400C2BFA6 /* Products */ = {
			isa = PBXGroup;
			children = (
				412FA8D92C873D4400C2BFA6 /* AppGallery.app */,
			);
			name = Products;
			sourceTree = "<group>";
		};
		412FA8DB2C873D4400C2BFA6 /* AppGallery */ = {
			isa = PBXGroup;
			children = (
				41C2577F2C8CDD0D0055566E /* AppGallery.entitlements */,
				412FA8DC2C873D4400C2BFA6 /* AppDelegate.swift */,
				412FA8E52C873D4600C2BFA6 /* Assets.xcassets */,
				412FA8E72C873D4600C2BFA6 /* LaunchScreen.storyboard */,
				412FA8EA2C873D4600C2BFA6 /* Info.plist */,
				412FA90B2C8C7DD800C2BFA6 /* MainViewController.swift */,
				412FA90D2C8C7DFB00C2BFA6 /* MiniAppCell.swift */,
				41C257832C8CE3A10055566E /* MiniAppManager.swift */,
			);
			path = AppGallery;
			sourceTree = "<group>";
		};
/* End PBXGroup section */

/* Begin PBXNativeTarget section */
		412FA8D82C873D4400C2BFA6 /* AppGallery */ = {
			isa = PBXNativeTarget;
			buildConfigurationList = 412FA8ED2C873D4600C2BFA6 /* Build configuration list for PBXNativeTarget "AppGallery" */;
			buildPhases = (
				412FA8D52C873D4400C2BFA6 /* Sources */,
				412FA8D62C873D4400C2BFA6 /* Frameworks */,
				412FA8D72C873D4400C2BFA6 /* Resources */,
			);
			buildRules = (
			);
			dependencies = (
			);
			name = AppGallery;
			packageProductDependencies = (
				41C2576E2C8CB01A0055566E /* TicTacToeApp */,
				41C257752C8CC7CF0055566E /* CurrentCityApp */,
				41C2577B2C8CD02C0055566E /* CurrentWeatherApp */,
				41C257812C8CE3280055566E /* StepCounterApp */,
				41AEFE992C8DBAC1001FF32F /* CrosswordApp */,
			);
			productName = AppGallery;
			productReference = 412FA8D92C873D4400C2BFA6 /* AppGallery.app */;
			productType = "com.apple.product-type.application";
		};
/* End PBXNativeTarget section */

/* Begin PBXProject section */
		412FA8D12C873D4400C2BFA6 /* Project object */ = {
			isa = PBXProject;
			attributes = {
				BuildIndependentTargetsInParallel = 1;
				LastSwiftUpdateCheck = 1540;
				LastUpgradeCheck = 1540;
				TargetAttributes = {
					412FA8D82C873D4400C2BFA6 = {
						CreatedOnToolsVersion = 15.4;
					};
				};
			};
			buildConfigurationList = 412FA8D42C873D4400C2BFA6 /* Build configuration list for PBXProject "AppGallery" */;
			compatibilityVersion = "Xcode 14.0";
			developmentRegion = en;
			hasScannedForEncodings = 0;
			knownRegions = (
				en,
				Base,
			);
			mainGroup = 412FA8D02C873D4400C2BFA6;
			packageReferences = (
				41C2576D2C8CB01A0055566E /* XCRemoteSwiftPackageReference "TicTacToeApp" */,
				41C257742C8CC7CF0055566E /* XCRemoteSwiftPackageReference "CurrentCityApp" */,
				41C2577A2C8CD02C0055566E /* XCRemoteSwiftPackageReference "CurrentWeatherApp" */,
				41C257802C8CE3280055566E /* XCRemoteSwiftPackageReference "StepCounterApp" */,
				41AEFE982C8DBAC1001FF32F /* XCRemoteSwiftPackageReference "CrosswordApp" */,
			);
			productRefGroup = 412FA8DA2C873D4400C2BFA6 /* Products */;
			projectDirPath = "";
			projectRoot = "";
			targets = (
				412FA8D82C873D4400C2BFA6 /* AppGallery */,
			);
		};
/* End PBXProject section */

/* Begin PBXResourcesBuildPhase section */
		412FA8D72C873D4400C2BFA6 /* Resources */ = {
			isa = PBXResourcesBuildPhase;
			buildActionMask = 2147483647;
			files = (
				412FA8E62C873D4600C2BFA6 /* Assets.xcassets in Resources */,
				412FA8E92C873D4600C2BFA6 /* Base in Resources */,
			);
			runOnlyForDeploymentPostprocessing = 0;
		};
/* End PBXResourcesBuildPhase section */

/* Begin PBXSourcesBuildPhase section */
		412FA8D52C873D4400C2BFA6 /* Sources */ = {
			isa = PBXSourcesBuildPhase;
			buildActionMask = 2147483647;
			files = (
				41C257842C8CE3A10055566E /* MiniAppManager.swift in Sources */,
				412FA90C2C8C7DD800C2BFA6 /* MainViewController.swift in Sources */,
				412FA90E2C8C7DFB00C2BFA6 /* MiniAppCell.swift in Sources */,
				412FA8DD2C873D4400C2BFA6 /* AppDelegate.swift in Sources */,
			);
			runOnlyForDeploymentPostprocessing = 0;
		};
/* End PBXSourcesBuildPhase section */

/* Begin PBXVariantGroup section */
		412FA8E72C873D4600C2BFA6 /* LaunchScreen.storyboard */ = {
			isa = PBXVariantGroup;
			children = (
				412FA8E82C873D4600C2BFA6 /* Base */,
			);
			name = LaunchScreen.storyboard;
			sourceTree = "<group>";
		};
/* End PBXVariantGroup section */

/* Begin XCBuildConfiguration section */
		412FA8EB2C873D4600C2BFA6 /* Debug */ = {
			isa = XCBuildConfiguration;
			buildSettings = {
				ALWAYS_SEARCH_USER_PATHS = NO;
				ASSETCATALOG_COMPILER_GENERATE_SWIFT_ASSET_SYMBOL_EXTENSIONS = YES;
				CLANG_ANALYZER_NONNULL = YES;
				CLANG_ANALYZER_NUMBER_OBJECT_CONVERSION = YES_AGGRESSIVE;
				CLANG_CXX_LANGUAGE_STANDARD = "gnu++20";
				CLANG_ENABLE_MODULES = YES;
				CLANG_ENABLE_OBJC_ARC = YES;
				CLANG_ENABLE_OBJC_WEAK = YES;
				CLANG_WARN_BLOCK_CAPTURE_AUTORELEASING = YES;
				CLANG_WARN_BOOL_CONVERSION = YES;
				CLANG_WARN_COMMA = YES;
				CLANG_WARN_CONSTANT_CONVERSION = YES;
				CLANG_WARN_DEPRECATED_OBJC_IMPLEMENTATIONS = YES;
				CLANG_WARN_DIRECT_OBJC_ISA_USAGE = YES_ERROR;
				CLANG_WARN_DOCUMENTATION_COMMENTS = YES;
				CLANG_WARN_EMPTY_BODY = YES;
				CLANG_WARN_ENUM_CONVERSION = YES;
				CLANG_WARN_INFINITE_RECURSION = YES;
				CLANG_WARN_INT_CONVERSION = YES;
				CLANG_WARN_NON_LITERAL_NULL_CONVERSION = YES;
				CLANG_WARN_OBJC_IMPLICIT_RETAIN_SELF = YES;
				CLANG_WARN_OBJC_LITERAL_CONVERSION = YES;
				CLANG_WARN_OBJC_ROOT_CLASS = YES_ERROR;
				CLANG_WARN_QUOTED_INCLUDE_IN_FRAMEWORK_HEADER = YES;
				CLANG_WARN_RANGE_LOOP_ANALYSIS = YES;
				CLANG_WARN_STRICT_PROTOTYPES = YES;
				CLANG_WARN_SUSPICIOUS_MOVE = YES;
				CLANG_WARN_UNGUARDED_AVAILABILITY = YES_AGGRESSIVE;
				CLANG_WARN_UNREACHABLE_CODE = YES;
				CLANG_WARN__DUPLICATE_METHOD_MATCH = YES;
				COPY_PHASE_STRIP = NO;
				DEBUG_INFORMATION_FORMAT = dwarf;
				ENABLE_STRICT_OBJC_MSGSEND = YES;
				ENABLE_TESTABILITY = YES;
				ENABLE_USER_SCRIPT_SANDBOXING = YES;
				GCC_C_LANGUAGE_STANDARD = gnu17;
				GCC_DYNAMIC_NO_PIC = NO;
				GCC_NO_COMMON_BLOCKS = YES;
				GCC_OPTIMIZATION_LEVEL = 0;
				GCC_PREPROCESSOR_DEFINITIONS = (
					"DEBUG=1",
					"$(inherited)",
				);
				GCC_WARN_64_TO_32_BIT_CONVERSION = YES;
				GCC_WARN_ABOUT_RETURN_TYPE = YES_ERROR;
				GCC_WARN_UNDECLARED_SELECTOR = YES;
				GCC_WARN_UNINITIALIZED_AUTOS = YES_AGGRESSIVE;
				GCC_WARN_UNUSED_FUNCTION = YES;
				GCC_WARN_UNUSED_VARIABLE = YES;
				IPHONEOS_DEPLOYMENT_TARGET = 17.0;
				LOCALIZATION_PREFERS_STRING_CATALOGS = YES;
				MTL_ENABLE_DEBUG_INFO = INCLUDE_SOURCE;
				MTL_FAST_MATH = YES;
				ONLY_ACTIVE_ARCH = YES;
				SDKROOT = iphoneos;
				SWIFT_ACTIVE_COMPILATION_CONDITIONS = "DEBUG $(inherited)";
				SWIFT_OPTIMIZATION_LEVEL = "-Onone";
			};
			name = Debug;
		};
		412FA8EC2C873D4600C2BFA6 /* Release */ = {
			isa = XCBuildConfiguration;
			buildSettings = {
				ALWAYS_SEARCH_USER_PATHS = NO;
				ASSETCATALOG_COMPILER_GENERATE_SWIFT_ASSET_SYMBOL_EXTENSIONS = YES;
				CLANG_ANALYZER_NONNULL = YES;
				CLANG_ANALYZER_NUMBER_OBJECT_CONVERSION = YES_AGGRESSIVE;
				CLANG_CXX_LANGUAGE_STANDARD = "gnu++20";
				CLANG_ENABLE_MODULES = YES;
				CLANG_ENABLE_OBJC_ARC = YES;
				CLANG_ENABLE_OBJC_WEAK = YES;
				CLANG_WARN_BLOCK_CAPTURE_AUTORELEASING = YES;
				CLANG_WARN_BOOL_CONVERSION = YES;
				CLANG_WARN_COMMA = YES;
				CLANG_WARN_CONSTANT_CONVERSION = YES;
				CLANG_WARN_DEPRECATED_OBJC_IMPLEMENTATIONS = YES;
				CLANG_WARN_DIRECT_OBJC_ISA_USAGE = YES_ERROR;
				CLANG_WARN_DOCUMENTATION_COMMENTS = YES;
				CLANG_WARN_EMPTY_BODY = YES;
				CLANG_WARN_ENUM_CONVERSION = YES;
				CLANG_WARN_INFINITE_RECURSION = YES;
				CLANG_WARN_INT_CONVERSION = YES;
				CLANG_WARN_NON_LITERAL_NULL_CONVERSION = YES;
				CLANG_WARN_OBJC_IMPLICIT_RETAIN_SELF = YES;
				CLANG_WARN_OBJC_LITERAL_CONVERSION = YES;
				CLANG_WARN_OBJC_ROOT_CLASS = YES_ERROR;
				CLANG_WARN_QUOTED_INCLUDE_IN_FRAMEWORK_HEADER = YES;
				CLANG_WARN_RANGE_LOOP_ANALYSIS = YES;
				CLANG_WARN_STRICT_PROTOTYPES = YES;
				CLANG_WARN_SUSPICIOUS_MOVE = YES;
				CLANG_WARN_UNGUARDED_AVAILABILITY = YES_AGGRESSIVE;
				CLANG_WARN_UNREACHABLE_CODE = YES;
				CLANG_WARN__DUPLICATE_METHOD_MATCH = YES;
				COPY_PHASE_STRIP = NO;
				DEBUG_INFORMATION_FORMAT = "dwarf-with-dsym";
				ENABLE_NS_ASSERTIONS = NO;
				ENABLE_STRICT_OBJC_MSGSEND = YES;
				ENABLE_USER_SCRIPT_SANDBOXING = YES;
				GCC_C_LANGUAGE_STANDARD = gnu17;
				GCC_NO_COMMON_BLOCKS = YES;
				GCC_WARN_64_TO_32_BIT_CONVERSION = YES;
				GCC_WARN_ABOUT_RETURN_TYPE = YES_ERROR;
				GCC_WARN_UNDECLARED_SELECTOR = YES;
				GCC_WARN_UNINITIALIZED_AUTOS = YES_AGGRESSIVE;
				GCC_WARN_UNUSED_FUNCTION = YES;
				GCC_WARN_UNUSED_VARIABLE = YES;
				IPHONEOS_DEPLOYMENT_TARGET = 17.0;
				LOCALIZATION_PREFERS_STRING_CATALOGS = YES;
				MTL_ENABLE_DEBUG_INFO = NO;
				MTL_FAST_MATH = YES;
				SDKROOT = iphoneos;
				SWIFT_COMPILATION_MODE = wholemodule;
				VALIDATE_PRODUCT = YES;
			};
			name = Release;
		};
		412FA8EE2C873D4600C2BFA6 /* Debug */ = {
			isa = XCBuildConfiguration;
			buildSettings = {
				ASSETCATALOG_COMPILER_APPICON_NAME = AppIcon;
				ASSETCATALOG_COMPILER_GLOBAL_ACCENT_COLOR_NAME = AccentColor;
				CODE_SIGN_ENTITLEMENTS = AppGallery/AppGallery.entitlements;
				CODE_SIGN_STYLE = Automatic;
				CURRENT_PROJECT_VERSION = 1;
				DEVELOPMENT_TEAM = CQNTWDSGK9;
				GENERATE_INFOPLIST_FILE = YES;
				INFOPLIST_FILE = AppGallery/Info.plist;
				INFOPLIST_KEY_UIApplicationSupportsIndirectInputEvents = YES;
				INFOPLIST_KEY_UILaunchStoryboardName = LaunchScreen;
				INFOPLIST_KEY_UISupportedInterfaceOrientations = UIInterfaceOrientationPortrait;
				INFOPLIST_KEY_UISupportedInterfaceOrientations_iPad = "UIInterfaceOrientationLandscapeLeft UIInterfaceOrientationLandscapeRight UIInterfaceOrientationPortrait UIInterfaceOrientationPortraitUpsideDown";
				LD_RUNPATH_SEARCH_PATHS = (
					"$(inherited)",
					"@executable_path/Frameworks",
				);
				MARKETING_VERSION = 1.0;
				PRODUCT_BUNDLE_IDENTIFIER = com.wonsarc.AppGallery;
				PRODUCT_NAME = "$(TARGET_NAME)";
				SUPPORTED_PLATFORMS = "iphoneos iphonesimulator";
				SUPPORTS_MACCATALYST = NO;
				SUPPORTS_MAC_DESIGNED_FOR_IPHONE_IPAD = NO;
				SUPPORTS_XR_DESIGNED_FOR_IPHONE_IPAD = NO;
				SWIFT_EMIT_LOC_STRINGS = YES;
				SWIFT_VERSION = 5.0;
				TARGETED_DEVICE_FAMILY = "1,2";
			};
			name = Debug;
		};
		412FA8EF2C873D4600C2BFA6 /* Release */ = {
			isa = XCBuildConfiguration;
			buildSettings = {
				ASSETCATALOG_COMPILER_APPICON_NAME = AppIcon;
				ASSETCATALOG_COMPILER_GLOBAL_ACCENT_COLOR_NAME = AccentColor;
				CODE_SIGN_ENTITLEMENTS = AppGallery/AppGallery.entitlements;
				CODE_SIGN_STYLE = Automatic;
				CURRENT_PROJECT_VERSION = 1;
				DEVELOPMENT_TEAM = CQNTWDSGK9;
				GENERATE_INFOPLIST_FILE = YES;
				INFOPLIST_FILE = AppGallery/Info.plist;
				INFOPLIST_KEY_UIApplicationSupportsIndirectInputEvents = YES;
				INFOPLIST_KEY_UILaunchStoryboardName = LaunchScreen;
				INFOPLIST_KEY_UISupportedInterfaceOrientations = UIInterfaceOrientationPortrait;
				INFOPLIST_KEY_UISupportedInterfaceOrientations_iPad = "UIInterfaceOrientationLandscapeLeft UIInterfaceOrientationLandscapeRight UIInterfaceOrientationPortrait UIInterfaceOrientationPortraitUpsideDown";
				LD_RUNPATH_SEARCH_PATHS = (
					"$(inherited)",
					"@executable_path/Frameworks",
				);
				MARKETING_VERSION = 1.0;
				PRODUCT_BUNDLE_IDENTIFIER = com.wonsarc.AppGallery;
				PRODUCT_NAME = "$(TARGET_NAME)";
				SUPPORTED_PLATFORMS = "iphoneos iphonesimulator";
				SUPPORTS_MACCATALYST = NO;
				SUPPORTS_MAC_DESIGNED_FOR_IPHONE_IPAD = NO;
				SUPPORTS_XR_DESIGNED_FOR_IPHONE_IPAD = NO;
				SWIFT_EMIT_LOC_STRINGS = YES;
				SWIFT_VERSION = 5.0;
				TARGETED_DEVICE_FAMILY = "1,2";
			};
			name = Release;
		};
/* End XCBuildConfiguration section */

/* Begin XCConfigurationList section */
		412FA8D42C873D4400C2BFA6 /* Build configuration list for PBXProject "AppGallery" */ = {
			isa = XCConfigurationList;
			buildConfigurations = (
				412FA8EB2C873D4600C2BFA6 /* Debug */,
				412FA8EC2C873D4600C2BFA6 /* Release */,
			);
			defaultConfigurationIsVisible = 0;
			defaultConfigurationName = Release;
		};
		412FA8ED2C873D4600C2BFA6 /* Build configuration list for PBXNativeTarget "AppGallery" */ = {
			isa = XCConfigurationList;
			buildConfigurations = (
				412FA8EE2C873D4600C2BFA6 /* Debug */,
				412FA8EF2C873D4600C2BFA6 /* Release */,
			);
			defaultConfigurationIsVisible = 0;
			defaultConfigurationName = Release;
		};
/* End XCConfigurationList section */

/* Begin XCRemoteSwiftPackageReference section */
		41AEFE982C8DBAC1001FF32F /* XCRemoteSwiftPackageReference "CrosswordApp" */ = {
			isa = XCRemoteSwiftPackageReference;
			repositoryURL = "https://github.com/wonsarc/CrosswordApp.git";
			requirement = {
				branch = main;
				kind = branch;
			};
		};
		41C2576D2C8CB01A0055566E /* XCRemoteSwiftPackageReference "TicTacToeApp" */ = {
			isa = XCRemoteSwiftPackageReference;
			repositoryURL = "https://github.com/wonsarc/TicTacToeApp.git";
			requirement = {
				branch = main;
				kind = branch;
			};
		};
		41C257742C8CC7CF0055566E /* XCRemoteSwiftPackageReference "CurrentCityApp" */ = {
			isa = XCRemoteSwiftPackageReference;
			repositoryURL = "https://github.com/wonsarc/CurrentCityApp.git";
			requirement = {
				branch = main;
				kind = branch;
			};
		};
		41C2577A2C8CD02C0055566E /* XCRemoteSwiftPackageReference "CurrentWeatherApp" */ = {
			isa = XCRemoteSwiftPackageReference;
			repositoryURL = "https://github.com/wonsarc/CurrentWeatherApp.git";
			requirement = {
				branch = main;
				kind = branch;
			};
		};
		41C257802C8CE3280055566E /* XCRemoteSwiftPackageReference "StepCounterApp" */ = {
			isa = XCRemoteSwiftPackageReference;
			repositoryURL = "https://github.com/wonsarc/StepCounterApp.git";
			requirement = {
				branch = main;
				kind = branch;
			};
		};
/* End XCRemoteSwiftPackageReference section */

/* Begin XCSwiftPackageProductDependency section */
		41AEFE992C8DBAC1001FF32F /* CrosswordApp */ = {
			isa = XCSwiftPackageProductDependency;
			package = 41AEFE982C8DBAC1001FF32F /* XCRemoteSwiftPackageReference "CrosswordApp" */;
			productName = CrosswordApp;
		};
		41C2576E2C8CB01A0055566E /* TicTacToeApp */ = {
			isa = XCSwiftPackageProductDependency;
			package = 41C2576D2C8CB01A0055566E /* XCRemoteSwiftPackageReference "TicTacToeApp" */;
			productName = TicTacToeApp;
		};
		41C257752C8CC7CF0055566E /* CurrentCityApp */ = {
			isa = XCSwiftPackageProductDependency;
			package = 41C257742C8CC7CF0055566E /* XCRemoteSwiftPackageReference "CurrentCityApp" */;
			productName = CurrentCityApp;
		};
		41C2577B2C8CD02C0055566E /* CurrentWeatherApp */ = {
			isa = XCSwiftPackageProductDependency;
			package = 41C2577A2C8CD02C0055566E /* XCRemoteSwiftPackageReference "CurrentWeatherApp" */;
			productName = CurrentWeatherApp;
		};
		41C257812C8CE3280055566E /* StepCounterApp */ = {
			isa = XCSwiftPackageProductDependency;
			package = 41C257802C8CE3280055566E /* XCRemoteSwiftPackageReference "StepCounterApp" */;
			productName = StepCounterApp;
		};
/* End XCSwiftPackageProductDependency section */
	};
	rootObject = 412FA8D12C873D4400C2BFA6 /* Project object */;
}
